
Microsoft Visual Studio Solution File, Format Version 12.00
# Visual Studio Version 17
VisualStudioVersion = 17.0.32014.148
MinimumVisualStudioVersion = 10.0.40219.1
Project("{9A19103F-16F7-4668-BE54-9A1E7A4F7556}") = "wpfHost", "wpfHost\wpfHost.csproj", "{E8CE0B9E-DE6A-453F-963D-E2CD727AFB7D}"
EndProject
Project("{FAE04EC0-301F-11D3-BF4B-00C04F79EFBC}") = "uwpBlank", "uwpBlank\uwpBlank.csproj", "{8ACCA604-FF6C-4590-BB30-B04131004200}"
EndProject
Project("{FAE04EC0-301F-11D3-BF4B-00C04F79EFBC}") = "uwpLib", "uwpLib\uwpLib.csproj", "{8D14D333-6AAA-40B7-ACF2-E520048C0A97}"
EndProject
Global
	GlobalSection(SolutionConfigurationPlatforms) = preSolution
		Debug|Any CPU = Debug|Any CPU
		Debug|ARM = Debug|ARM
		Debug|ARM64 = Debug|ARM64
		Debug|x64 = Debug|x64
		Debug|x86 = Debug|x86
		Release|Any CPU = Release|Any CPU
		Release|ARM = Release|ARM
		Release|ARM64 = Release|ARM64
		Release|x64 = Release|x64
		Release|x86 = Release|x86
	EndGlobalSection
	GlobalSection(ProjectConfigurationPlatforms) = postSolution
		{E8CE0B9E-DE6A-453F-963D-E2CD727AFB7D}.Debug|Any CPU.ActiveCfg = Debug|Any CPU
		{E8CE0B9E-DE6A-453F-963D-E2CD727AFB7D}.Debug|Any CPU.Build.0 = Debug|Any CPU
		{E8CE0B9E-DE6A-453F-963D-E2CD727AFB7D}.Debug|ARM.ActiveCfg = Debug|Any CPU
		{E8CE0B9E-DE6A-453F-963D-E2CD727AFB7D}.Debug|ARM.Build.0 = Debug|Any CPU
		{E8CE0B9E-DE6A-453F-963D-E2CD727AFB7D}.Debug|ARM64.ActiveCfg = Debug|Any CPU
		{E8CE0B9E-DE6A-453F-963D-E2CD727AFB7D}.Debug|ARM64.Build.0 = Debug|Any CPU
		{E8CE0B9E-DE6A-453F-963D-E2CD727AFB7D}.Debug|x64.ActiveCfg = Debug|x64
		{E8CE0B9E-DE6A-453F-963D-E2CD727AFB7D}.Debug|x64.Build.0 = Debug|x64
		{E8CE0B9E-DE6A-453F-963D-E2CD727AFB7D}.Debug|x86.ActiveCfg = Debug|Any CPU
		{E8CE0B9E-DE6A-453F-963D-E2CD727AFB7D}.Debug|x86.Build.0 = Debug|Any CPU
		{E8CE0B9E-DE6A-453F-963D-E2CD727AFB7D}.Release|Any CPU.ActiveCfg = Release|Any CPU
		{E8CE0B9E-DE6A-453F-963D-E2CD727AFB7D}.Release|Any CPU.Build.0 = Release|Any CPU
		{E8CE0B9E-DE6A-453F-963D-E2CD727AFB7D}.Release|ARM.ActiveCfg = Release|Any CPU
		{E8CE0B9E-DE6A-453F-963D-E2CD727AFB7D}.Release|ARM.Build.0 = Release|Any CPU
		{E8CE0B9E-DE6A-453F-963D-E2CD727AFB7D}.Release|ARM64.ActiveCfg = Release|Any CPU
		{E8CE0B9E-DE6A-453F-963D-E2CD727AFB7D}.Release|ARM64.Build.0 = Release|Any CPU
		{E8CE0B9E-DE6A-453F-963D-E2CD727AFB7D}.Release|x64.ActiveCfg = Release|x64
		{E8CE0B9E-DE6A-453F-963D-E2CD727AFB7D}.Release|x64.Build.0 = Release|x64
		{E8CE0B9E-DE6A-453F-963D-E2CD727AFB7D}.Release|x86.ActiveCfg = Release|Any CPU
		{E8CE0B9E-DE6A-453F-963D-E2CD727AFB7D}.Release|x86.Build.0 = Release|Any CPU
		{8ACCA604-FF6C-4590-BB30-B04131004200}.Debug|Any CPU.ActiveCfg = Debug|x64
		{8ACCA604-FF6C-4590-BB30-B04131004200}.Debug|Any CPU.Build.0 = Debug|x64
		{8ACCA604-FF6C-4590-BB30-B04131004200}.Debug|Any CPU.Deploy.0 = Debug|x64
		{8ACCA604-FF6C-4590-BB30-B04131004200}.Debug|ARM.ActiveCfg = Debug|ARM
		{8ACCA604-FF6C-4590-BB30-B04131004200}.Debug|ARM.Build.0 = Debug|ARM
		{8ACCA604-FF6C-4590-BB30-B04131004200}.Debug|ARM.Deploy.0 = Debug|ARM
		{8ACCA604-FF6C-4590-BB30-B04131004200}.Debug|ARM64.ActiveCfg = Debug|ARM64
		{8ACCA604-FF6C-4590-BB30-B04131004200}.Debug|ARM64.Build.0 = Debug|ARM64
		{8ACCA604-FF6C-4590-BB30-B04131004200}.Debug|ARM64.Deploy.0 = Debug|ARM64
		{8ACCA604-FF6C-4590-BB30-B04131004200}.Debug|x64.ActiveCfg = Debug|x64
		{8ACCA604-FF6C-4590-BB30-B04131004200}.Debug|x64.Build.0 = Debug|x64
		{8ACCA604-FF6C-4590-BB30-B04131004200}.Debug|x64.Deploy.0 = Debug|x64
		{8ACCA604-FF6C-4590-BB30-B04131004200}.Debug|x86.ActiveCfg = Debug|x86
		{8ACCA604-FF6C-4590-BB30-B04131004200}.Debug|x86.Build.0 = Debug|x86
		{8ACCA604-FF6C-4590-BB30-B04131004200}.Debug|x86.Deploy.0 = Debug|x86
		{8ACCA604-FF6C-4590-BB30-B04131004200}.Release|Any CPU.ActiveCfg = Release|x64
		{8ACCA604-FF6C-4590-BB30-B04131004200}.Release|Any CPU.Build.0 = Release|x64
		{8ACCA604-FF6C-4590-BB30-B04131004200}.Release|Any CPU.Deploy.0 = Release|x64
		{8ACCA604-FF6C-4590-BB30-B04131004200}.Release|ARM.ActiveCfg = Release|ARM
		{8ACCA604-FF6C-4590-BB30-B04131004200}.Release|ARM.Build.0 = Release|ARM
		{8ACCA604-FF6C-4590-BB30-B04131004200}.Release|ARM.Deploy.0 = Release|ARM
		{8ACCA604-FF6C-4590-BB30-B04131004200}.Release|ARM64.ActiveCfg = Release|ARM64
		{8ACCA604-FF6C-4590-BB30-B04131004200}.Release|ARM64.Build.0 = Release|ARM64
		{8ACCA604-FF6C-4590-BB30-B04131004200}.Release|ARM64.Deploy.0 = Release|ARM64
		{8ACCA604-FF6C-4590-BB30-B04131004200}.Release|x64.ActiveCfg = Release|x64
		{8ACCA604-FF6C-4590-BB30-B04131004200}.Release|x64.Build.0 = Release|x64
		{8ACCA604-FF6C-4590-BB30-B04131004200}.Release|x64.Deploy.0 = Release|x64
		{8ACCA604-FF6C-4590-BB30-B04131004200}.Release|x86.ActiveCfg = Release|x86
		{8ACCA604-FF6C-4590-BB30-B04131004200}.Release|x86.Build.0 = Release|x86
		{8ACCA604-FF6C-4590-BB30-B04131004200}.Release|x86.Deploy.0 = Release|x86
		{8D14D333-6AAA-40B7-ACF2-E520048C0A97}.Debug|Any CPU.ActiveCfg = Debug|Any CPU
		{8D14D333-6AAA-40B7-ACF2-E520048C0A97}.Debug|Any CPU.Build.0 = Debug|Any CPU
		{8D14D333-6AAA-40B7-ACF2-E520048C0A97}.Debug|ARM.ActiveCfg = Debug|ARM
		{8D14D333-6AAA-40B7-ACF2-E520048C0A97}.Debug|ARM.Build.0 = Debug|ARM
		{8D14D333-6AAA-40B7-ACF2-E520048C0A97}.Debug|ARM64.ActiveCfg = Debug|ARM64
		{8D14D333-6AAA-40B7-ACF2-E520048C0A97}.Debug|ARM64.Build.0 = Debug|ARM64
		{8D14D333-6AAA-40B7-ACF2-E520048C0A97}.Debug|x64.ActiveCfg = Debug|x64
		{8D14D333-6AAA-40B7-ACF2-E520048C0A97}.Debug|x64.Build.0 = Debug|x64
		{8D14D333-6AAA-40B7-ACF2-E520048C0A97}.Debug|x86.ActiveCfg = Debug|x86
		{8D14D333-6AAA-40B7-ACF2-E520048C0A97}.Debug|x86.Build.0 = Debug|x86
		{8D14D333-6AAA-40B7-ACF2-E520048C0A97}.Release|Any CPU.ActiveCfg = Release|Any CPU
		{8D14D333-6AAA-40B7-ACF2-E520048C0A97}.Release|Any CPU.Build.0 = Release|Any CPU
		{8D14D333-6AAA-40B7-ACF2-E520048C0A97}.Release|ARM.ActiveCfg = Release|ARM
		{8D14D333-6AAA-40B7-ACF2-E520048C0A97}.Release|ARM.Build.0 = Release|ARM
		{8D14D333-6AAA-40B7-ACF2-E520048C0A97}.Release|ARM64.ActiveCfg = Release|ARM64
		{8D14D333-6AAA-40B7-ACF2-E520048C0A97}.Release|ARM64.Build.0 = Release|ARM64
		{8D14D333-6AAA-40B7-ACF2-E520048C0A97}.Release|x64.ActiveCfg = Release|x64
		{8D14D333-6AAA-40B7-ACF2-E520048C0A97}.Release|x64.Build.0 = Release|x64
		{8D14D333-6AAA-40B7-ACF2-E520048C0A97}.Release|x86.ActiveCfg = Release|x86
		{8D14D333-6AAA-40B7-ACF2-E520048C0A97}.Release|x86.Build.0 = Release|x86
	EndGlobalSection
	GlobalSection(SolutionProperties) = preSolution
		HideSolutionNode = FALSE
	EndGlobalSection
	GlobalSection(ExtensibilityGlobals) = postSolution
		SolutionGuid = {D60DB289-00A8-4C43-80B3-C0BE3ECB726B}
	EndGlobalSection
EndGlobal
